
Microsoft Visual Studio Solution File, Format Version 12.00
# Visual Studio 2012
Project("{FAE04EC0-301F-11D3-BF4B-00C04F79EFBC}") = "InitialScreenDemo", "InitialScreenDemo\InitialScreenDemo.csproj", "{117C55A7-0251-4A81-8FD2-B39B6A7A3C96}"
EndProject
Global
	GlobalSection(SolutionConfigurationPlatforms) = preSolution
		Debug|iPhoneSimulator = Debug|iPhoneSimulator
		Release|iPhoneSimulator = Release|iPhoneSimulator
		Debug|iPhone = Debug|iPhone
		Release|iPhone = Release|iPhone
		Ad-Hoc|iPhone = Ad-Hoc|iPhone
		AppStore|iPhone = AppStore|iPhone
	EndGlobalSection
	GlobalSection(ProjectConfigurationPlatforms) = postSolution
		{117C55A7-0251-4A81-8FD2-B39B6A7A3C96}.Ad-Hoc|iPhone.ActiveCfg = Ad-Hoc|iPhone
		{117C55A7-0251-4A81-8FD2-B39B6A7A3C96}.Ad-Hoc|iPhone.Build.0 = Ad-Hoc|iPhone
		{117C55A7-0251-4A81-8FD2-B39B6A7A3C96}.AppStore|iPhone.ActiveCfg = AppStore|iPhone
		{117C55A7-0251-4A81-8FD2-B39B6A7A3C96}.AppStore|iPhone.Build.0 = AppStore|iPhone
		{117C55A7-0251-4A81-8FD2-B39B6A7A3C96}.Debug|iPhone.ActiveCfg = Debug|iPhone
		{117C55A7-0251-4A81-8FD2-B39B6A7A3C96}.Debug|iPhone.Build.0 = Debug|iPhone
		{117C55A7-0251-4A81-8FD2-B39B6A7A3C96}.Debug|iPhoneSimulator.ActiveCfg = Debug|iPhoneSimulator
		{117C55A7-0251-4A81-8FD2-B39B6A7A3C96}.Debug|iPhoneSimulator.Build.0 = Debug|iPhoneSimulator
		{117C55A7-0251-4A81-8FD2-B39B6A7A3C96}.Release|iPhone.ActiveCfg = Release|iPhone
		{117C55A7-0251-4A81-8FD2-B39B6A7A3C96}.Release|iPhone.Build.0 = Release|iPhone
		{117C55A7-0251-4A81-8FD2-B39B6A7A3C96}.Release|iPhoneSimulator.ActiveCfg = Release|iPhoneSimulator
		{117C55A7-0251-4A81-8FD2-B39B6A7A3C96}.Release|iPhoneSimulator.Build.0 = Release|iPhoneSimulator
	EndGlobalSection
EndGlobal
